// !$*UTF8*$!
{
	archiveVersion = 1;
	classes = {
	};
	objectVersion = 56;
	objects = {

/* Begin PBXBuildFile section */
		485B3C992DFABED100170177 /* AppDelegate.swift in Sources */ = {isa = PBXBuildFile; fileRef = 485B3C982DFABED100170177 /* AppDelegate.swift */; };
		485B3C9B2DFABED100170177 /* SceneDelegate.swift in Sources */ = {isa = PBXBuildFile; fileRef = 485B3C9A2DFABED100170177 /* SceneDelegate.swift */; };
		485B3C9D2DFABED100170177 /* ViewController.swift in Sources */ = {isa = PBXBuildFile; fileRef = 485B3C9C2DFABED100170177 /* ViewController.swift */; };
		485B3CA02DFABED100170177 /* Main.storyboard in Resources */ = {isa = PBXBuildFile; fileRef = 485B3C9E2DFABED100170177 /* Main.storyboard */; };
		485B3CA22DFABED200170177 /* Assets.xcassets in Resources */ = {isa = PBXBuildFile; fileRef = 485B3CA12DFABED200170177 /* Assets.xcassets */; };
		485B3CA52DFABED200170177 /* LaunchScreen.storyboard in Resources */ = {isa = PBXBuildFile; fileRef = 485B3CA32DFABED200170177 /* LaunchScreen.storyboard */; };
		485B3CB02DFABED200170177 /* FamilyAppTests.swift in Sources */ = {isa = PBXBuildFile; fileRef = 485B3CAF2DFABED200170177 /* FamilyAppTests.swift */; };
		485B3CBA2DFABED200170177 /* FamilyAppUITests.swift in Sources */ = {isa = PBXBuildFile; fileRef = 485B3CB92DFABED200170177 /* FamilyAppUITests.swift */; };
		485B3CBC2DFABED200170177 /* FamilyAppUITestsLaunchTests.swift in Sources */ = {isa = PBXBuildFile; fileRef = 485B3CBB2DFABED200170177 /* FamilyAppUITestsLaunchTests.swift */; };
/* End PBXBuildFile section */

/* Begin PBXContainerItemProxy section */
		485B3CAC2DFABED200170177 /* PBXContainerItemProxy */ = {
			isa = PBXContainerItemProxy;
			containerPortal = 485B3C8D2DFABED100170177 /* Project object */;
			proxyType = 1;
			remoteGlobalIDString = 485B3C942DFABED100170177;
			remoteInfo = FamilyApp;
		};
		485B3CB62DFABED200170177 /* PBXContainerItemProxy */ = {
			isa = PBXContainerItemProxy;
			containerPortal = 485B3C8D2DFABED100170177 /* Project object */;
			proxyType = 1;
			remoteGlobalIDString = 485B3C942DFABED100170177;
			remoteInfo = FamilyApp;
		};
/* End PBXContainerItemProxy section */

/* Begin PBXFileReference section */
		485B3C952DFABED100170177 /* FamilyApp.app */ = {isa = PBXFileReference; explicitFileType = wrapper.application; includeInIndex = 0; path = FamilyApp.app; sourceTree = BUILT_PRODUCTS_DIR; };
		485B3C982DFABED100170177 /* AppDelegate.swift */ = {isa = PBXFileReference; lastKnownFileType = sourcecode.swift; path = AppDelegate.swift; sourceTree = "<group>"; };
		485B3C9A2DFABED100170177 /* SceneDelegate.swift */ = {isa = PBXFileReference; lastKnownFileType = sourcecode.swift; path = SceneDelegate.swift; sourceTree = "<group>"; };
		485B3C9C2DFABED100170177 /* ViewController.swift */ = {isa = PBXFileReference; lastKnownFileType = sourcecode.swift; path = ViewController.swift; sourceTree = "<group>"; };
		485B3C9F2DFABED100170177 /* Base */ = {isa = PBXFileReference; lastKnownFileType = file.storyboard; name = Base; path = Base.lproj/Main.storyboard; sourceTree = "<group>"; };
		485B3CA12DFABED200170177 /* Assets.xcassets */ = {isa = PBXFileReference; lastKnownFileType = folder.assetcatalog; path = Assets.xcassets; sourceTree = "<group>"; };
		485B3CA42DFABED200170177 /* Base */ = {isa = PBXFileReference; lastKnownFileType = file.storyboard; name = Base; path = Base.lproj/LaunchScreen.storyboard; sourceTree = "<group>"; };
		485B3CA62DFABED200170177 /* Info.plist */ = {isa = PBXFileReference; lastKnownFileType = text.plist.xml; path = Info.plist; sourceTree = "<group>"; };
		485B3CAB2DFABED200170177 /* FamilyAppTests.xctest */ = {isa = PBXFileReference; explicitFileType = wrapper.cfbundle; includeInIndex = 0; path = FamilyAppTests.xctest; sourceTree = BUILT_PRODUCTS_DIR; };
		485B3CAF2DFABED200170177 /* FamilyAppTests.swift */ = {isa = PBXFileReference; lastKnownFileType = sourcecode.swift; path = FamilyAppTests.swift; sourceTree = "<group>"; };
		485B3CB52DFABED200170177 /* FamilyAppUITests.xctest */ = {isa = PBXFileReference; explicitFileType = wrapper.cfbundle; includeInIndex = 0; path = FamilyAppUITests.xctest; sourceTree = BUILT_PRODUCTS_DIR; };
		485B3CB92DFABED200170177 /* FamilyAppUITests.swift */ = {isa = PBXFileReference; lastKnownFileType = sourcecode.swift; path = FamilyAppUITests.swift; sourceTree = "<group>"; };
		485B3CBB2DFABED200170177 /* FamilyAppUITestsLaunchTests.swift */ = {isa = PBXFileReference; lastKnownFileType = sourcecode.swift; path = FamilyAppUITestsLaunchTests.swift; sourceTree = "<group>"; };
/* End PBXFileReference section */

/* Begin PBXFrameworksBuildPhase section */
		485B3C922DFABED100170177 /* Frameworks */ = {
			isa = PBXFrameworksBuildPhase;
			buildActionMask = 2147483647;
			files = (
			);
			runOnlyForDeploymentPostprocessing = 0;
		};
		485B3CA82DFABED200170177 /* Frameworks */ = {
			isa = PBXFrameworksBuildPhase;
			buildActionMask = 2147483647;
			files = (
			);
			runOnlyForDeploymentPostprocessing = 0;
		};
		485B3CB22DFABED200170177 /* Frameworks */ = {
			isa = PBXFrameworksBuildPhase;
			buildActionMask = 2147483647;
			files = (
			);
			runOnlyForDeploymentPostprocessing = 0;
		};
/* End PBXFrameworksBuildPhase section */

/* Begin PBXGroup section */
		485B3C8C2DFABED100170177 = {
			isa = PBXGroup;
			children = (
				485B3C972DFABED100170177 /* FamilyApp */,
				485B3CAE2DFABED200170177 /* FamilyAppTests */,
				485B3CB82DFABED200170177 /* FamilyAppUITests */,
				485B3C962DFABED100170177 /* Products */,
			);
			sourceTree = "<group>";
		};
		485B3C962DFABED100170177 /* Products */ = {
			isa = PBXGroup;
			children = (
				485B3C952DFABED100170177 /* FamilyApp.app */,
				485B3CAB2DFABED200170177 /* FamilyAppTests.xctest */,
				485B3CB52DFABED200170177 /* FamilyAppUITests.xctest */,
			);
			name = Products;
			sourceTree = "<group>";
		};
		485B3C972DFABED100170177 /* FamilyApp */ = {
			isa = PBXGroup;
			children = (
				485B3C982DFABED100170177 /* AppDelegate.swift */,
				485B3C9A2DFABED100170177 /* SceneDelegate.swift */,
				485B3C9C2DFABED100170177 /* ViewController.swift */,
				485B3C9E2DFABED100170177 /* Main.storyboard */,
				485B3CA12DFABED200170177 /* Assets.xcassets */,
				485B3CA32DFABED200170177 /* LaunchScreen.storyboard */,
				485B3CA62DFABED200170177 /* Info.plist */,
			);
			path = FamilyApp;
			sourceTree = "<group>";
		};
		485B3CAE2DFABED200170177 /* FamilyAppTests */ = {
			isa = PBXGroup;
			children = (
				485B3CAF2DFABED200170177 /* FamilyAppTests.swift */,
			);
			path = FamilyAppTests;
			sourceTree = "<group>";
		};
		485B3CB82DFABED200170177 /* FamilyAppUITests */ = {
			isa = PBXGroup;
			children = (
				485B3CB92DFABED200170177 /* FamilyAppUITests.swift */,
				485B3CBB2DFABED200170177 /* FamilyAppUITestsLaunchTests.swift */,
			);
			path = FamilyAppUITests;
			sourceTree = "<group>";
		};
/* End PBXGroup section */

/* Begin PBXNativeTarget section */
		485B3C942DFABED100170177 /* FamilyApp */ = {
			isa = PBXNativeTarget;
			buildConfigurationList = 485B3CBF2DFABED200170177 /* Build configuration list for PBXNativeTarget "FamilyApp" */;
			buildPhases = (
				485B3C912DFABED100170177 /* Sources */,
				485B3C922DFABED100170177 /* Frameworks */,
				485B3C932DFABED100170177 /* Resources */,
			);
			buildRules = (
			);
			dependencies = (
			);
			name = FamilyApp;
			productName = FamilyApp;
			productReference = 485B3C952DFABED100170177 /* FamilyApp.app */;
			productType = "com.apple.product-type.application";
		};
		485B3CAA2DFABED200170177 /* FamilyAppTests */ = {
			isa = PBXNativeTarget;
			buildConfigurationList = 485B3CC22DFABED200170177 /* Build configuration list for PBXNativeTarget "FamilyAppTests" */;
			buildPhases = (
				485B3CA72DFABED200170177 /* Sources */,
				485B3CA82DFABED200170177 /* Frameworks */,
				485B3CA92DFABED200170177 /* Resources */,
			);
			buildRules = (
			);
			dependencies = (
				485B3CAD2DFABED200170177 /* PBXTargetDependency */,
			);
			name = FamilyAppTests;
			productName = FamilyAppTests;
			productReference = 485B3CAB2DFABED200170177 /* FamilyAppTests.xctest */;
			productType = "com.apple.product-type.bundle.unit-test";
		};
		485B3CB42DFABED200170177 /* FamilyAppUITests */ = {
			isa = PBXNativeTarget;
			buildConfigurationList = 485B3CC52DFABED200170177 /* Build configuration list for PBXNativeTarget "FamilyAppUITests" */;
			buildPhases = (
				485B3CB12DFABED200170177 /* Sources */,
				485B3CB22DFABED200170177 /* Frameworks */,
				485B3CB32DFABED200170177 /* Resources */,
			);
			buildRules = (
			);
			dependencies = (
				485B3CB72DFABED200170177 /* PBXTargetDependency */,
			);
			name = FamilyAppUITests;
			productName = FamilyAppUITests;
			productReference = 485B3CB52DFABED200170177 /* FamilyAppUITests.xctest */;
			productType = "com.apple.product-type.bundle.ui-testing";
		};
/* End PBXNativeTarget section */

/* Begin PBXProject section */
		485B3C8D2DFABED100170177 /* Project object */ = {
			isa = PBXProject;
			attributes = {
				BuildIndependentTargetsInParallel = 1;
				LastSwiftUpdateCheck = 1430;
				LastUpgradeCheck = 1430;
				TargetAttributes = {
					485B3C942DFABED100170177 = {
						CreatedOnToolsVersion = 14.3;
					};
					485B3CAA2DFABED200170177 = {
						CreatedOnToolsVersion = 14.3;
						TestTargetID = 485B3C942DFABED100170177;
					};
					485B3CB42DFABED200170177 = {
						CreatedOnToolsVersion = 14.3;
						TestTargetID = 485B3C942DFABED100170177;
					};
				};
			};
			buildConfigurationList = 485B3C902DFABED100170177 /* Build configuration list for PBXProject "FamilyApp" */;
			compatibilityVersion = "Xcode 14.0";
			developmentRegion = en;
			hasScannedForEncodings = 0;
			knownRegions = (
				en,
				Base,
			);
			mainGroup = 485B3C8C2DFABED100170177;
			productRefGroup = 485B3C962DFABED100170177 /* Products */;
			projectDirPath = "";
			projectRoot = "";
			targets = (
				485B3C942DFABED100170177 /* FamilyApp */,
				485B3CAA2DFABED200170177 /* FamilyAppTests */,
				485B3CB42DFABED200170177 /* FamilyAppUITests */,
			);
		};
/* End PBXProject section */

/* Begin PBXResourcesBuildPhase section */
		485B3C932DFABED100170177 /* Resources */ = {
			isa = PBXResourcesBuildPhase;
			buildActionMask = 2147483647;
			files = (
				485B3CA52DFABED200170177 /* LaunchScreen.storyboard in Resources */,
				485B3CA22DFABED200170177 /* Assets.xcassets in Resources */,
				485B3CA02DFABED100170177 /* Main.storyboard in Resources */,
			);
			runOnlyForDeploymentPostprocessing = 0;
		};
		485B3CA92DFABED200170177 /* Resources */ = {
			isa = PBXResourcesBuildPhase;
			buildActionMask = 2147483647;
			files = (
			);
			runOnlyForDeploymentPostprocessing = 0;
		};
		485B3CB32DFABED200170177 /* Resources */ = {
			isa = PBXResourcesBuildPhase;
			buildActionMask = 2147483647;
			files = (
			);
			runOnlyForDeploymentPostprocessing = 0;
		};
/* End PBXResourcesBuildPhase section */

/* Begin PBXSourcesBuildPhase section */
		485B3C912DFABED100170177 /* Sources */ = {
			isa = PBXSourcesBuildPhase;
			buildActionMask = 2147483647;
			files = (
				485B3C9D2DFABED100170177 /* ViewController.swift in Sources */,
				485B3C992DFABED100170177 /* AppDelegate.swift in Sources */,
				485B3C9B2DFABED100170177 /* SceneDelegate.swift in Sources */,
			);
			runOnlyForDeploymentPostprocessing = 0;
		};
		485B3CA72DFABED200170177 /* Sources */ = {
			isa = PBXSourcesBuildPhase;
			buildActionMask = 2147483647;
			files = (
				485B3CB02DFABED200170177 /* FamilyAppTests.swift in Sources */,
			);
			runOnlyForDeploymentPostprocessing = 0;
		};
		485B3CB12DFABED200170177 /* Sources */ = {
			isa = PBXSourcesBuildPhase;
			buildActionMask = 2147483647;
			files = (
				485B3CBC2DFABED200170177 /* FamilyAppUITestsLaunchTests.swift in Sources */,
				485B3CBA2DFABED200170177 /* FamilyAppUITests.swift in Sources */,
			);
			runOnlyForDeploymentPostprocessing = 0;
		};
/* End PBXSourcesBuildPhase section */

/* Begin PBXTargetDependency section */
		485B3CAD2DFABED200170177 /* PBXTargetDependency */ = {
			isa = PBXTargetDependency;
			target = 485B3C942DFABED100170177 /* FamilyApp */;
			targetProxy = 485B3CAC2DFABED200170177 /* PBXContainerItemProxy */;
		};
		485B3CB72DFABED200170177 /* PBXTargetDependency */ = {
			isa = PBXTargetDependency;
			target = 485B3C942DFABED100170177 /* FamilyApp */;
			targetProxy = 485B3CB62DFABED200170177 /* PBXContainerItemProxy */;
		};
/* End PBXTargetDependency section */

/* Begin PBXVariantGroup section */
		485B3C9E2DFABED100170177 /* Main.storyboard */ = {
			isa = PBXVariantGroup;
			children = (
				485B3C9F2DFABED100170177 /* Base */,
			);
			name = Main.storyboard;
			sourceTree = "<group>";
		};
		485B3CA32DFABED200170177 /* LaunchScreen.storyboard */ = {
			isa = PBXVariantGroup;
			children = (
				485B3CA42DFABED200170177 /* Base */,
			);
			name = LaunchScreen.storyboard;
			sourceTree = "<group>";
		};
/* End PBXVariantGroup section */

/* Begin XCBuildConfiguration section */
		485B3CBD2DFABED200170177 /* Debug */ = {
			isa = XCBuildConfiguration;
			buildSettings = {
				ALWAYS_SEARCH_USER_PATHS = NO;
				CLANG_ANALYZER_NONNULL = YES;
				CLANG_ANALYZER_NUMBER_OBJECT_CONVERSION = YES_AGGRESSIVE;
				CLANG_CXX_LANGUAGE_STANDARD = "gnu++20";
				CLANG_ENABLE_MODULES = YES;
				CLANG_ENABLE_OBJC_ARC = YES;
				CLANG_ENABLE_OBJC_WEAK = YES;
				CLANG_WARN_BLOCK_CAPTURE_AUTORELEASING = YES;
				CLANG_WARN_BOOL_CONVERSION = YES;
				CLANG_WARN_COMMA = YES;
				CLANG_WARN_CONSTANT_CONVERSION = YES;
				CLANG_WARN_DEPRECATED_OBJC_IMPLEMENTATIONS = YES;
				CLANG_WARN_DIRECT_OBJC_ISA_USAGE = YES_ERROR;
				CLANG_WARN_DOCUMENTATION_COMMENTS = YES;
				CLANG_WARN_EMPTY_BODY = YES;
				CLANG_WARN_ENUM_CONVERSION = YES;
				CLANG_WARN_INFINITE_RECURSION = YES;
				CLANG_WARN_INT_CONVERSION = YES;
				CLANG_WARN_NON_LITERAL_NULL_CONVERSION = YES;
				CLANG_WARN_OBJC_IMPLICIT_RETAIN_SELF = YES;
				CLANG_WARN_OBJC_LITERAL_CONVERSION = YES;
				CLANG_WARN_OBJC_ROOT_CLASS = YES_ERROR;
				CLANG_WARN_QUOTED_INCLUDE_IN_FRAMEWORK_HEADER = YES;
				CLANG_WARN_RANGE_LOOP_ANALYSIS = YES;
				CLANG_WARN_STRICT_PROTOTYPES = YES;
				CLANG_WARN_SUSPICIOUS_MOVE = YES;
				CLANG_WARN_UNGUARDED_AVAILABILITY = YES_AGGRESSIVE;
				CLANG_WARN_UNREACHABLE_CODE = YES;
				CLANG_WARN__DUPLICATE_METHOD_MATCH = YES;
				COPY_PHASE_STRIP = NO;
				DEBUG_INFORMATION_FORMAT = dwarf;
				ENABLE_STRICT_OBJC_MSGSEND = YES;
				ENABLE_TESTABILITY = YES;
				GCC_C_LANGUAGE_STANDARD = gnu11;
				GCC_DYNAMIC_NO_PIC = NO;
				GCC_NO_COMMON_BLOCKS = YES;
				GCC_OPTIMIZATION_LEVEL = 0;
				GCC_PREPROCESSOR_DEFINITIONS = (
					"DEBUG=1",
					"$(inherited)",
				);
				GCC_WARN_64_TO_32_BIT_CONVERSION = YES;
				GCC_WARN_ABOUT_RETURN_TYPE = YES_ERROR;
				GCC_WARN_UNDECLARED_SELECTOR = YES;
				GCC_WARN_UNINITIALIZED_AUTOS = YES_AGGRESSIVE;
				GCC_WARN_UNUSED_FUNCTION = YES;
				GCC_WARN_UNUSED_VARIABLE = YES;
				IPHONEOS_DEPLOYMENT_TARGET = 16.4;
				MTL_ENABLE_DEBUG_INFO = INCLUDE_SOURCE;
				MTL_FAST_MATH = YES;
				ONLY_ACTIVE_ARCH = YES;
				SDKROOT = iphoneos;
				SWIFT_ACTIVE_COMPILATION_CONDITIONS = DEBUG;
				SWIFT_OPTIMIZATION_LEVEL = "-Onone";
			};
			name = Debug;
		};
		485B3CBE2DFABED200170177 /* Release */ = {
			isa = XCBuildConfiguration;
			buildSettings = {
				ALWAYS_SEARCH_USER_PATHS = NO;
				CLANG_ANALYZER_NONNULL = YES;
				CLANG_ANALYZER_NUMBER_OBJECT_CONVERSION = YES_AGGRESSIVE;
				CLANG_CXX_LANGUAGE_STANDARD = "gnu++20";
				CLANG_ENABLE_MODULES = YES;
				CLANG_ENABLE_OBJC_ARC = YES;
				CLANG_ENABLE_OBJC_WEAK = YES;
				CLANG_WARN_BLOCK_CAPTURE_AUTORELEASING = YES;
				CLANG_WARN_BOOL_CONVERSION = YES;
				CLANG_WARN_COMMA = YES;
				CLANG_WARN_CONSTANT_CONVERSION = YES;
				CLANG_WARN_DEPRECATED_OBJC_IMPLEMENTATIONS = YES;
				CLANG_WARN_DIRECT_OBJC_ISA_USAGE = YES_ERROR;
				CLANG_WARN_DOCUMENTATION_COMMENTS = YES;
				CLANG_WARN_EMPTY_BODY = YES;
				CLANG_WARN_ENUM_CONVERSION = YES;
				CLANG_WARN_INFINITE_RECURSION = YES;
				CLANG_WARN_INT_CONVERSION = YES;
				CLANG_WARN_NON_LITERAL_NULL_CONVERSION = YES;
				CLANG_WARN_OBJC_IMPLICIT_RETAIN_SELF = YES;
				CLANG_WARN_OBJC_LITERAL_CONVERSION = YES;
				CLANG_WARN_OBJC_ROOT_CLASS = YES_ERROR;
				CLANG_WARN_QUOTED_INCLUDE_IN_FRAMEWORK_HEADER = YES;
				CLANG_WARN_RANGE_LOOP_ANALYSIS = YES;
				CLANG_WARN_STRICT_PROTOTYPES = YES;
				CLANG_WARN_SUSPICIOUS_MOVE = YES;
				CLANG_WARN_UNGUARDED_AVAILABILITY = YES_AGGRESSIVE;
				CLANG_WARN_UNREACHABLE_CODE = YES;
				CLANG_WARN__DUPLICATE_METHOD_MATCH = YES;
				COPY_PHASE_STRIP = NO;
				DEBUG_INFORMATION_FORMAT = "dwarf-with-dsym";
				ENABLE_NS_ASSERTIONS = NO;
				ENABLE_STRICT_OBJC_MSGSEND = YES;
				GCC_C_LANGUAGE_STANDARD = gnu11;
				GCC_NO_COMMON_BLOCKS = YES;
				GCC_WARN_64_TO_32_BIT_CONVERSION = YES;
				GCC_WARN_ABOUT_RETURN_TYPE = YES_ERROR;
				GCC_WARN_UNDECLARED_SELECTOR = YES;
				GCC_WARN_UNINITIALIZED_AUTOS = YES_AGGRESSIVE;
				GCC_WARN_UNUSED_FUNCTION = YES;
				GCC_WARN_UNUSED_VARIABLE = YES;
				IPHONEOS_DEPLOYMENT_TARGET = 16.4;
				MTL_ENABLE_DEBUG_INFO = NO;
				MTL_FAST_MATH = YES;
				SDKROOT = iphoneos;
				SWIFT_COMPILATION_MODE = wholemodule;
				SWIFT_OPTIMIZATION_LEVEL = "-O";
				VALIDATE_PRODUCT = YES;
			};
			name = Release;
		};
		485B3CC02DFABED200170177 /* Debug */ = {
			isa = XCBuildConfiguration;
			buildSettings = {
				ASSETCATALOG_COMPILER_APPICON_NAME = AppIcon;
				ASSETCATALOG_COMPILER_GLOBAL_ACCENT_COLOR_NAME = AccentColor;
				CODE_SIGN_STYLE = Automatic;
				CURRENT_PROJECT_VERSION = 1;
				GENERATE_INFOPLIST_FILE = YES;
				INFOPLIST_FILE = FamilyApp/Info.plist;
				INFOPLIST_KEY_UIApplicationSupportsIndirectInputEvents = YES;
				INFOPLIST_KEY_UILaunchStoryboardName = LaunchScreen;
				INFOPLIST_KEY_UIMainStoryboardFile = Main;
				INFOPLIST_KEY_UISupportedInterfaceOrientations_iPad = "UIInterfaceOrientationPortrait UIInterfaceOrientationPortraitUpsideDown UIInterfaceOrientationLandscapeLeft UIInterfaceOrientationLandscapeRight";
				INFOPLIST_KEY_UISupportedInterfaceOrientations_iPhone = "UIInterfaceOrientationPortrait UIInterfaceOrientationLandscapeLeft UIInterfaceOrientationLandscapeRight";
				LD_RUNPATH_SEARCH_PATHS = (
					"$(inherited)",
					"@executable_path/Frameworks",
				);
				MARKETING_VERSION = 1.0;
				PRODUCT_BUNDLE_IDENTIFIER = ybe1027.hansung.ac.kr.FamilyApp;
				PRODUCT_NAME = "$(TARGET_NAME)";
				SWIFT_EMIT_LOC_STRINGS = YES;
				SWIFT_VERSION = 5.0;
				TARGETED_DEVICE_FAMILY = "1,2";
			};
			name = Debug;
		};
		485B3CC12DFABED200170177 /* Release */ = {
			isa = XCBuildConfiguration;
			buildSettings = {
				ASSETCATALOG_COMPILER_APPICON_NAME = AppIcon;
				ASSETCATALOG_COMPILER_GLOBAL_ACCENT_COLOR_NAME = AccentColor;
				CODE_SIGN_STYLE = Automatic;
				CURRENT_PROJECT_VERSION = 1;
				GENERATE_INFOPLIST_FILE = YES;
				INFOPLIST_FILE = FamilyApp/Info.plist;
				INFOPLIST_KEY_UIApplicationSupportsIndirectInputEvents = YES;
				INFOPLIST_KEY_UILaunchStoryboardName = LaunchScreen;
				INFOPLIST_KEY_UIMainStoryboardFile = Main;
				INFOPLIST_KEY_UISupportedInterfaceOrientations_iPad = "UIInterfaceOrientationPortrait UIInterfaceOrientationPortraitUpsideDown UIInterfaceOrientationLandscapeLeft UIInterfaceOrientationLandscapeRight";
				INFOPLIST_KEY_UISupportedInterfaceOrientations_iPhone = "UIInterfaceOrientationPortrait UIInterfaceOrientationLandscapeLeft UIInterfaceOrientationLandscapeRight";
				LD_RUNPATH_SEARCH_PATHS = (
					"$(inherited)",
					"@executable_path/Frameworks",
				);
				MARKETING_VERSION = 1.0;
				PRODUCT_BUNDLE_IDENTIFIER = ybe1027.hansung.ac.kr.FamilyApp;
				PRODUCT_NAME = "$(TARGET_NAME)";
				SWIFT_EMIT_LOC_STRINGS = YES;
				SWIFT_VERSION = 5.0;
				TARGETED_DEVICE_FAMILY = "1,2";
			};
			name = Release;
		};
		485B3CC32DFABED200170177 /* Debug */ = {
			isa = XCBuildConfiguration;
			buildSettings = {
				ALWAYS_EMBED_SWIFT_STANDARD_LIBRARIES = YES;
				BUNDLE_LOADER = "$(TEST_HOST)";
				CODE_SIGN_STYLE = Automatic;
				CURRENT_PROJECT_VERSION = 1;
				GENERATE_INFOPLIST_FILE = YES;
				IPHONEOS_DEPLOYMENT_TARGET = 16.4;
				MARKETING_VERSION = 1.0;
				PRODUCT_BUNDLE_IDENTIFIER = ybe1027.hansung.ac.kr.FamilyAppTests;
				PRODUCT_NAME = "$(TARGET_NAME)";
				SWIFT_EMIT_LOC_STRINGS = NO;
				SWIFT_VERSION = 5.0;
				TARGETED_DEVICE_FAMILY = "1,2";
				TEST_HOST = "$(BUILT_PRODUCTS_DIR)/FamilyApp.app/$(BUNDLE_EXECUTABLE_FOLDER_PATH)/FamilyApp";
			};
			name = Debug;
		};
		485B3CC42DFABED200170177 /* Release */ = {
			isa = XCBuildConfiguration;
			buildSettings = {
				ALWAYS_EMBED_SWIFT_STANDARD_LIBRARIES = YES;
				BUNDLE_LOADER = "$(TEST_HOST)";
				CODE_SIGN_STYLE = Automatic;
				CURRENT_PROJECT_VERSION = 1;
				GENERATE_INFOPLIST_FILE = YES;
				IPHONEOS_DEPLOYMENT_TARGET = 16.4;
				MARKETING_VERSION = 1.0;
				PRODUCT_BUNDLE_IDENTIFIER = ybe1027.hansung.ac.kr.FamilyAppTests;
				PRODUCT_NAME = "$(TARGET_NAME)";
				SWIFT_EMIT_LOC_STRINGS = NO;
				SWIFT_VERSION = 5.0;
				TARGETED_DEVICE_FAMILY = "1,2";
				TEST_HOST = "$(BUILT_PRODUCTS_DIR)/FamilyApp.app/$(BUNDLE_EXECUTABLE_FOLDER_PATH)/FamilyApp";
			};
			name = Release;
		};
		485B3CC62DFABED200170177 /* Debug */ = {
			isa = XCBuildConfiguration;
			buildSettings = {
				ALWAYS_EMBED_SWIFT_STANDARD_LIBRARIES = YES;
				CODE_SIGN_STYLE = Automatic;
				CURRENT_PROJECT_VERSION = 1;
				GENERATE_INFOPLIST_FILE = YES;
				MARKETING_VERSION = 1.0;
				PRODUCT_BUNDLE_IDENTIFIER = ybe1027.hansung.ac.kr.FamilyAppUITests;
				PRODUCT_NAME = "$(TARGET_NAME)";
				SWIFT_EMIT_LOC_STRINGS = NO;
				SWIFT_VERSION = 5.0;
				TARGETED_DEVICE_FAMILY = "1,2";
				TEST_TARGET_NAME = FamilyApp;
			};
			name = Debug;
		};
		485B3CC72DFABED200170177 /* Release */ = {
			isa = XCBuildConfiguration;
			buildSettings = {
				ALWAYS_EMBED_SWIFT_STANDARD_LIBRARIES = YES;
				CODE_SIGN_STYLE = Automatic;
				CURRENT_PROJECT_VERSION = 1;
				GENERATE_INFOPLIST_FILE = YES;
				MARKETING_VERSION = 1.0;
				PRODUCT_BUNDLE_IDENTIFIER = ybe1027.hansung.ac.kr.FamilyAppUITests;
				PRODUCT_NAME = "$(TARGET_NAME)";
				SWIFT_EMIT_LOC_STRINGS = NO;
				SWIFT_VERSION = 5.0;
				TARGETED_DEVICE_FAMILY = "1,2";
				TEST_TARGET_NAME = FamilyApp;
			};
			name = Release;
		};
/* End XCBuildConfiguration section */

/* Begin XCConfigurationList section */
		485B3C902DFABED100170177 /* Build configuration list for PBXProject "FamilyApp" */ = {
			isa = XCConfigurationList;
			buildConfigurations = (
				485B3CBD2DFABED200170177 /* Debug */,
				485B3CBE2DFABED200170177 /* Release */,
			);
			defaultConfigurationIsVisible = 0;
			defaultConfigurationName = Release;
		};
		485B3CBF2DFABED200170177 /* Build configuration list for PBXNativeTarget "FamilyApp" */ = {
			isa = XCConfigurationList;
			buildConfigurations = (
				485B3CC02DFABED200170177 /* Debug */,
				485B3CC12DFABED200170177 /* Release */,
			);
			defaultConfigurationIsVisible = 0;
			defaultConfigurationName = Release;
		};
		485B3CC22DFABED200170177 /* Build configuration list for PBXNativeTarget "FamilyAppTests" */ = {
			isa = XCConfigurationList;
			buildConfigurations = (
				485B3CC32DFABED200170177 /* Debug */,
				485B3CC42DFABED200170177 /* Release */,
			);
			defaultConfigurationIsVisible = 0;
			defaultConfigurationName = Release;
		};
		485B3CC52DFABED200170177 /* Build configuration list for PBXNativeTarget "FamilyAppUITests" */ = {
			isa = XCConfigurationList;
			buildConfigurations = (
				485B3CC62DFABED200170177 /* Debug */,
				485B3CC72DFABED200170177 /* Release */,
			);
			defaultConfigurationIsVisible = 0;
			defaultConfigurationName = Release;
		};
/* End XCConfigurationList section */
	};
	rootObject = 485B3C8D2DFABED100170177 /* Project object */;
}
