// !$*UTF8*$!
{
	archiveVersion = 1;
	classes = {
	};
	objectVersion = 56;
	objects = {

/* Begin PBXBuildFile section */
		485B3C992DFABED100170177 /* AppDelegate.swift in Sources */ = {isa = PBXBuildFile; fileRef = 485B3C982DFABED100170177 /* AppDelegate.swift */; };
		485B3C9B2DFABED100170177 /* SceneDelegate.swift in Sources */ = {isa = PBXBuildFile; fileRef = 485B3C9A2DFABED100170177 /* SceneDelegate.swift */; };
		485B3CA22DFABED200170177 /* Assets.xcassets in Resources */ = {isa = PBXBuildFile; fileRef = 485B3CA12DFABED200170177 /* Assets.xcassets */; };
		485B3CA52DFABED200170177 /* LaunchScreen.storyboard in Resources */ = {isa = PBXBuildFile; fileRef = 485B3CA32DFABED200170177 /* LaunchScreen.storyboard */; };
		485B3CB02DFABED200170177 /* FamilyAppTests.swift in Sources */ = {isa = PBXBuildFile; fileRef = 485B3CAF2DFABED200170177 /* FamilyAppTests.swift */; };
		485B3CBA2DFABED200170177 /* FamilyAppUITests.swift in Sources */ = {isa = PBXBuildFile; fileRef = 485B3CB92DFABED200170177 /* FamilyAppUITests.swift */; };
		485B3CBC2DFABED200170177 /* FamilyAppUITestsLaunchTests.swift in Sources */ = {isa = PBXBuildFile; fileRef = 485B3CBB2DFABED200170177 /* FamilyAppUITestsLaunchTests.swift */; };
		48D9305E2DFB11F9002829DB /* Then in Frameworks */ = {isa = PBXBuildFile; productRef = 48D9305D2DFB11F9002829DB /* Then */; };
		48D930672DFB17AE002829DB /* TabBarController.swift in Sources */ = {isa = PBXBuildFile; fileRef = 48D930662DFB17AE002829DB /* TabBarController.swift */; };
		48D930692DFB17D1002829DB /* HomeViewController.swift in Sources */ = {isa = PBXBuildFile; fileRef = 48D930682DFB17D1002829DB /* HomeViewController.swift */; };
		48D9306D2DFB1B0F002829DB /* SnapKit in Frameworks */ = {isa = PBXBuildFile; productRef = 48D9306C2DFB1B0F002829DB /* SnapKit */; };
		48D9306F2DFB1C12002829DB /* Main.storyboard in Resources */ = {isa = PBXBuildFile; fileRef = 48D9306E2DFB1C12002829DB /* Main.storyboard */; };
		48D930742DFB2663002829DB /* MomentsViewController.swift in Sources */ = {isa = PBXBuildFile; fileRef = 48D930732DFB2663002829DB /* MomentsViewController.swift */; };
		48D930792DFB26C6002829DB /* EventsViewController.swift in Sources */ = {isa = PBXBuildFile; fileRef = 48D930782DFB26C6002829DB /* EventsViewController.swift */; };
		48D9307D2DFB3142002829DB /* MainHeaderView.swift in Sources */ = {isa = PBXBuildFile; fileRef = 48D9307C2DFB3142002829DB /* MainHeaderView.swift */; };
		48D930832DFB3537002829DB /* DateModel.swift in Sources */ = {isa = PBXBuildFile; fileRef = 48D930822DFB3537002829DB /* DateModel.swift */; };
		48D930852DFB3586002829DB /* DateCellView.swift in Sources */ = {isa = PBXBuildFile; fileRef = 48D930842DFB3586002829DB /* DateCellView.swift */; };
		48E6099E2DFE86AF000BD965 /* FirebaseAnalytics in Frameworks */ = {isa = PBXBuildFile; productRef = 48E6099D2DFE86AF000BD965 /* FirebaseAnalytics */; };
		48E609A02DFE86AF000BD965 /* FirebaseAnalyticsOnDeviceConversion in Frameworks */ = {isa = PBXBuildFile; productRef = 48E6099F2DFE86AF000BD965 /* FirebaseAnalyticsOnDeviceConversion */; };
		48E609A22DFE86AF000BD965 /* FirebaseAnalyticsSwift in Frameworks */ = {isa = PBXBuildFile; productRef = 48E609A12DFE86AF000BD965 /* FirebaseAnalyticsSwift */; };
		48E609A42DFE86AF000BD965 /* FirebaseAnalyticsWithoutAdIdSupport in Frameworks */ = {isa = PBXBuildFile; productRef = 48E609A32DFE86AF000BD965 /* FirebaseAnalyticsWithoutAdIdSupport */; };
		48E609A62DFE86AF000BD965 /* FirebaseAppCheck in Frameworks */ = {isa = PBXBuildFile; productRef = 48E609A52DFE86AF000BD965 /* FirebaseAppCheck */; };
		48E609A82DFE86AF000BD965 /* FirebaseAuth in Frameworks */ = {isa = PBXBuildFile; productRef = 48E609A72DFE86AF000BD965 /* FirebaseAuth */; };
		48E609AA2DFE86AF000BD965 /* FirebaseDatabase in Frameworks */ = {isa = PBXBuildFile; productRef = 48E609A92DFE86AF000BD965 /* FirebaseDatabase */; };
		48E609AC2DFE86AF000BD965 /* FirebaseFirestore in Frameworks */ = {isa = PBXBuildFile; productRef = 48E609AB2DFE86AF000BD965 /* FirebaseFirestore */; };
		48E609AE2DFE86AF000BD965 /* FirebaseStorage in Frameworks */ = {isa = PBXBuildFile; productRef = 48E609AD2DFE86AF000BD965 /* FirebaseStorage */; };
		48E609B02DFEE75D000BD965 /* MomentPostViewController.swift in Sources */ = {isa = PBXBuildFile; fileRef = 48E609AF2DFEE75D000BD965 /* MomentPostViewController.swift */; };
		48E609B12DFEE91D000BD965 /* GoogleService-Info.plist in Resources */ = {isa = PBXBuildFile; fileRef = 480A4EAD2DFE7EE700A5E89A /* GoogleService-Info.plist */; };
		48E609B42DFEEECB000BD965 /* Database.swift in Sources */ = {isa = PBXBuildFile; fileRef = 48E609B32DFEEECB000BD965 /* Database.swift */; };
		48E609B62DFEEF3B000BD965 /* DbFirebase.swift in Sources */ = {isa = PBXBuildFile; fileRef = 48E609B52DFEEF3B000BD965 /* DbFirebase.swift */; };
		48E609B82DFEF200000BD965 /* MomentsModel.swift in Sources */ = {isa = PBXBuildFile; fileRef = 48E609B72DFEF200000BD965 /* MomentsModel.swift */; };
		48E609BE2E016479000BD965 /* SignUp.swift in Sources */ = {isa = PBXBuildFile; fileRef = 48E609BD2E016479000BD965 /* SignUp.swift */; };
		48E609C02E016499000BD965 /* Login.swift in Sources */ = {isa = PBXBuildFile; fileRef = 48E609BF2E016498000BD965 /* Login.swift */; };
		48E609C22E0164FA000BD965 /* LoginView.swift in Sources */ = {isa = PBXBuildFile; fileRef = 48E609C12E0164FA000BD965 /* LoginView.swift */; };
		48E609C42E01652C000BD965 /* SignUpView.swift in Sources */ = {isa = PBXBuildFile; fileRef = 48E609C32E01652C000BD965 /* SignUpView.swift */; };
		48E609C62E0166BE000BD965 /* LoginViewController.swift in Sources */ = {isa = PBXBuildFile; fileRef = 48E609C52E0166BE000BD965 /* LoginViewController.swift */; };
		48E609C92E01DFDE000BD965 /* CalendarModel.swift in Sources */ = {isa = PBXBuildFile; fileRef = 48E609C82E01DFDE000BD965 /* CalendarModel.swift */; };
		48E609CB2E01E003000BD965 /* CalendarCellView.swift in Sources */ = {isa = PBXBuildFile; fileRef = 48E609CA2E01E003000BD965 /* CalendarCellView.swift */; };
/* End PBXBuildFile section */

/* Begin PBXContainerItemProxy section */
		485B3CAC2DFABED200170177 /* PBXContainerItemProxy */ = {
			isa = PBXContainerItemProxy;
			containerPortal = 485B3C8D2DFABED100170177 /* Project object */;
			proxyType = 1;
			remoteGlobalIDString = 485B3C942DFABED100170177;
			remoteInfo = FamilyApp;
		};
		485B3CB62DFABED200170177 /* PBXContainerItemProxy */ = {
			isa = PBXContainerItemProxy;
			containerPortal = 485B3C8D2DFABED100170177 /* Project object */;
			proxyType = 1;
			remoteGlobalIDString = 485B3C942DFABED100170177;
			remoteInfo = FamilyApp;
		};
/* End PBXContainerItemProxy section */

/* Begin PBXFileReference section */
		480A4EAD2DFE7EE700A5E89A /* GoogleService-Info.plist */ = {isa = PBXFileReference; lastKnownFileType = text.plist.xml; path = "GoogleService-Info.plist"; sourceTree = "<group>"; };
		485B3C952DFABED100170177 /* FamilyApp.app */ = {isa = PBXFileReference; explicitFileType = wrapper.application; includeInIndex = 0; path = FamilyApp.app; sourceTree = BUILT_PRODUCTS_DIR; };
		485B3C982DFABED100170177 /* AppDelegate.swift */ = {isa = PBXFileReference; lastKnownFileType = sourcecode.swift; path = AppDelegate.swift; sourceTree = "<group>"; };
		485B3C9A2DFABED100170177 /* SceneDelegate.swift */ = {isa = PBXFileReference; lastKnownFileType = sourcecode.swift; path = SceneDelegate.swift; sourceTree = "<group>"; };
		485B3CA12DFABED200170177 /* Assets.xcassets */ = {isa = PBXFileReference; lastKnownFileType = folder.assetcatalog; path = Assets.xcassets; sourceTree = "<group>"; };
		485B3CA42DFABED200170177 /* Base */ = {isa = PBXFileReference; lastKnownFileType = file.storyboard; name = Base; path = Base.lproj/LaunchScreen.storyboard; sourceTree = "<group>"; };
		485B3CA62DFABED200170177 /* Info.plist */ = {isa = PBXFileReference; lastKnownFileType = text.plist.xml; path = Info.plist; sourceTree = "<group>"; };
		485B3CAB2DFABED200170177 /* FamilyAppTests.xctest */ = {isa = PBXFileReference; explicitFileType = wrapper.cfbundle; includeInIndex = 0; path = FamilyAppTests.xctest; sourceTree = BUILT_PRODUCTS_DIR; };
		485B3CAF2DFABED200170177 /* FamilyAppTests.swift */ = {isa = PBXFileReference; lastKnownFileType = sourcecode.swift; path = FamilyAppTests.swift; sourceTree = "<group>"; };
		485B3CB52DFABED200170177 /* FamilyAppUITests.xctest */ = {isa = PBXFileReference; explicitFileType = wrapper.cfbundle; includeInIndex = 0; path = FamilyAppUITests.xctest; sourceTree = BUILT_PRODUCTS_DIR; };
		485B3CB92DFABED200170177 /* FamilyAppUITests.swift */ = {isa = PBXFileReference; lastKnownFileType = sourcecode.swift; path = FamilyAppUITests.swift; sourceTree = "<group>"; };
		485B3CBB2DFABED200170177 /* FamilyAppUITestsLaunchTests.swift */ = {isa = PBXFileReference; lastKnownFileType = sourcecode.swift; path = FamilyAppUITestsLaunchTests.swift; sourceTree = "<group>"; };
		48D930662DFB17AE002829DB /* TabBarController.swift */ = {isa = PBXFileReference; lastKnownFileType = sourcecode.swift; path = TabBarController.swift; sourceTree = "<group>"; };
		48D930682DFB17D1002829DB /* HomeViewController.swift */ = {isa = PBXFileReference; lastKnownFileType = sourcecode.swift; path = HomeViewController.swift; sourceTree = "<group>"; };
		48D9306E2DFB1C12002829DB /* Main.storyboard */ = {isa = PBXFileReference; lastKnownFileType = file.storyboard; path = Main.storyboard; sourceTree = "<group>"; };
		48D930732DFB2663002829DB /* MomentsViewController.swift */ = {isa = PBXFileReference; lastKnownFileType = sourcecode.swift; path = MomentsViewController.swift; sourceTree = "<group>"; };
		48D930782DFB26C6002829DB /* EventsViewController.swift */ = {isa = PBXFileReference; lastKnownFileType = sourcecode.swift; path = EventsViewController.swift; sourceTree = "<group>"; };
		48D9307C2DFB3142002829DB /* MainHeaderView.swift */ = {isa = PBXFileReference; lastKnownFileType = sourcecode.swift; path = MainHeaderView.swift; sourceTree = "<group>"; };
		48D930822DFB3537002829DB /* DateModel.swift */ = {isa = PBXFileReference; lastKnownFileType = sourcecode.swift; path = DateModel.swift; sourceTree = "<group>"; };
		48D930842DFB3586002829DB /* DateCellView.swift */ = {isa = PBXFileReference; lastKnownFileType = sourcecode.swift; path = DateCellView.swift; sourceTree = "<group>"; };
		48E609AF2DFEE75D000BD965 /* MomentPostViewController.swift */ = {isa = PBXFileReference; lastKnownFileType = sourcecode.swift; path = MomentPostViewController.swift; sourceTree = "<group>"; };
		48E609B32DFEEECB000BD965 /* Database.swift */ = {isa = PBXFileReference; lastKnownFileType = sourcecode.swift; path = Database.swift; sourceTree = "<group>"; };
		48E609B52DFEEF3B000BD965 /* DbFirebase.swift */ = {isa = PBXFileReference; lastKnownFileType = sourcecode.swift; path = DbFirebase.swift; sourceTree = "<group>"; };
		48E609B72DFEF200000BD965 /* MomentsModel.swift */ = {isa = PBXFileReference; lastKnownFileType = sourcecode.swift; path = MomentsModel.swift; sourceTree = "<group>"; };
		48E609BD2E016479000BD965 /* SignUp.swift */ = {isa = PBXFileReference; lastKnownFileType = sourcecode.swift; path = SignUp.swift; sourceTree = "<group>"; };
		48E609BF2E016498000BD965 /* Login.swift */ = {isa = PBXFileReference; lastKnownFileType = sourcecode.swift; path = Login.swift; sourceTree = "<group>"; };
		48E609C12E0164FA000BD965 /* LoginView.swift */ = {isa = PBXFileReference; lastKnownFileType = sourcecode.swift; path = LoginView.swift; sourceTree = "<group>"; };
		48E609C32E01652C000BD965 /* SignUpView.swift */ = {isa = PBXFileReference; lastKnownFileType = sourcecode.swift; path = SignUpView.swift; sourceTree = "<group>"; };
		48E609C52E0166BE000BD965 /* LoginViewController.swift */ = {isa = PBXFileReference; lastKnownFileType = sourcecode.swift; path = LoginViewController.swift; sourceTree = "<group>"; };
		48E609C82E01DFDE000BD965 /* CalendarModel.swift */ = {isa = PBXFileReference; lastKnownFileType = sourcecode.swift; path = CalendarModel.swift; sourceTree = "<group>"; };
		48E609CA2E01E003000BD965 /* CalendarCellView.swift */ = {isa = PBXFileReference; lastKnownFileType = sourcecode.swift; path = CalendarCellView.swift; sourceTree = "<group>"; };
/* End PBXFileReference section */

/* Begin PBXFrameworksBuildPhase section */
		485B3C922DFABED100170177 /* Frameworks */ = {
			isa = PBXFrameworksBuildPhase;
			buildActionMask = 2147483647;
			files = (
				48D9305E2DFB11F9002829DB /* Then in Frameworks */,
				48E609A42DFE86AF000BD965 /* FirebaseAnalyticsWithoutAdIdSupport in Frameworks */,
				48D9306D2DFB1B0F002829DB /* SnapKit in Frameworks */,
				48E609AC2DFE86AF000BD965 /* FirebaseFirestore in Frameworks */,
				48E6099E2DFE86AF000BD965 /* FirebaseAnalytics in Frameworks */,
				48E609A62DFE86AF000BD965 /* FirebaseAppCheck in Frameworks */,
				48E609A02DFE86AF000BD965 /* FirebaseAnalyticsOnDeviceConversion in Frameworks */,
				48E609AA2DFE86AF000BD965 /* FirebaseDatabase in Frameworks */,
				48E609AE2DFE86AF000BD965 /* FirebaseStorage in Frameworks */,
				48E609A22DFE86AF000BD965 /* FirebaseAnalyticsSwift in Frameworks */,
				48E609A82DFE86AF000BD965 /* FirebaseAuth in Frameworks */,
			);
			runOnlyForDeploymentPostprocessing = 0;
		};
		485B3CA82DFABED200170177 /* Frameworks */ = {
			isa = PBXFrameworksBuildPhase;
			buildActionMask = 2147483647;
			files = (
			);
			runOnlyForDeploymentPostprocessing = 0;
		};
		485B3CB22DFABED200170177 /* Frameworks */ = {
			isa = PBXFrameworksBuildPhase;
			buildActionMask = 2147483647;
			files = (
			);
			runOnlyForDeploymentPostprocessing = 0;
		};
/* End PBXFrameworksBuildPhase section */

/* Begin PBXGroup section */
		485B3C8C2DFABED100170177 = {
			isa = PBXGroup;
			children = (
				485B3C972DFABED100170177 /* FamilyApp */,
				485B3CAE2DFABED200170177 /* FamilyAppTests */,
				485B3CB82DFABED200170177 /* FamilyAppUITests */,
				485B3C962DFABED100170177 /* Products */,
			);
			sourceTree = "<group>";
		};
		485B3C962DFABED100170177 /* Products */ = {
			isa = PBXGroup;
			children = (
				485B3C952DFABED100170177 /* FamilyApp.app */,
				485B3CAB2DFABED200170177 /* FamilyAppTests.xctest */,
				485B3CB52DFABED200170177 /* FamilyAppUITests.xctest */,
			);
			name = Products;
			sourceTree = "<group>";
		};
		485B3C972DFABED100170177 /* FamilyApp */ = {
			isa = PBXGroup;
			children = (
				480A4EAD2DFE7EE700A5E89A /* GoogleService-Info.plist */,
				48D9307A2DFB30EB002829DB /* Global */,
				48D930602DFB173F002829DB /* Presentation */,
				485B3CCC2DFACCB200170177 /* Resources */,
				485B3CC82DFACBE500170177 /* Application */,
				48D9306E2DFB1C12002829DB /* Main.storyboard */,
			);
			path = FamilyApp;
			sourceTree = "<group>";
		};
		485B3CAE2DFABED200170177 /* FamilyAppTests */ = {
			isa = PBXGroup;
			children = (
				485B3CAF2DFABED200170177 /* FamilyAppTests.swift */,
			);
			path = FamilyAppTests;
			sourceTree = "<group>";
		};
		485B3CB82DFABED200170177 /* FamilyAppUITests */ = {
			isa = PBXGroup;
			children = (
				485B3CB92DFABED200170177 /* FamilyAppUITests.swift */,
				485B3CBB2DFABED200170177 /* FamilyAppUITestsLaunchTests.swift */,
			);
			path = FamilyAppUITests;
			sourceTree = "<group>";
		};
		485B3CC82DFACBE500170177 /* Application */ = {
			isa = PBXGroup;
			children = (
				485B3CA62DFABED200170177 /* Info.plist */,
				485B3C982DFABED100170177 /* AppDelegate.swift */,
				485B3C9A2DFABED100170177 /* SceneDelegate.swift */,
				485B3CA32DFABED200170177 /* LaunchScreen.storyboard */,
			);
			path = Application;
			sourceTree = "<group>";
		};
		485B3CCC2DFACCB200170177 /* Resources */ = {
			isa = PBXGroup;
			children = (
				485B3CA12DFABED200170177 /* Assets.xcassets */,
			);
			path = Resources;
			sourceTree = "<group>";
		};
		48D930602DFB173F002829DB /* Presentation */ = {
			isa = PBXGroup;
			children = (
				48E609BB2E01640E000BD965 /* Auth */,
				48D930752DFB26A6002829DB /* Events */,
				48D930702DFB25C2002829DB /* Moments */,
				48D930612DFB1749002829DB /* Home */,
			);
			path = Presentation;
			sourceTree = "<group>";
		};
		48D930612DFB1749002829DB /* Home */ = {
			isa = PBXGroup;
			children = (
				48E609CC2E023EE0000BD965 /* Model */,
				48D930632DFB175A002829DB /* View */,
				48D930622DFB174F002829DB /* ViewController */,
			);
			path = Home;
			sourceTree = "<group>";
		};
		48D930622DFB174F002829DB /* ViewController */ = {
			isa = PBXGroup;
			children = (
				48D930662DFB17AE002829DB /* TabBarController.swift */,
				48D930682DFB17D1002829DB /* HomeViewController.swift */,
			);
			path = ViewController;
			sourceTree = "<group>";
		};
		48D930632DFB175A002829DB /* View */ = {
			isa = PBXGroup;
			children = (
			);
			path = View;
			sourceTree = "<group>";
		};
		48D930702DFB25C2002829DB /* Moments */ = {
			isa = PBXGroup;
			children = (
				48D9307E2DFB3501002829DB /* Model */,
				48D930722DFB2648002829DB /* ViewController */,
				48D930712DFB2643002829DB /* View */,
			);
			path = Moments;
			sourceTree = "<group>";
		};
		48D930712DFB2643002829DB /* View */ = {
			isa = PBXGroup;
			children = (
				48D930842DFB3586002829DB /* DateCellView.swift */,
			);
			path = View;
			sourceTree = "<group>";
		};
		48D930722DFB2648002829DB /* ViewController */ = {
			isa = PBXGroup;
			children = (
				48D930732DFB2663002829DB /* MomentsViewController.swift */,
				48E609AF2DFEE75D000BD965 /* MomentPostViewController.swift */,
			);
			path = ViewController;
			sourceTree = "<group>";
		};
		48D930752DFB26A6002829DB /* Events */ = {
			isa = PBXGroup;
			children = (
				48E609C72E01DF9D000BD965 /* Model */,
				48D930772DFB26B5002829DB /* ViewController */,
				48D930762DFB26B0002829DB /* View */,
			);
			path = Events;
			sourceTree = "<group>";
		};
		48D930762DFB26B0002829DB /* View */ = {
			isa = PBXGroup;
			children = (
				48E609CA2E01E003000BD965 /* CalendarCellView.swift */,
			);
			path = View;
			sourceTree = "<group>";
		};
		48D930772DFB26B5002829DB /* ViewController */ = {
			isa = PBXGroup;
			children = (
				48D930782DFB26C6002829DB /* EventsViewController.swift */,
			);
			path = ViewController;
			sourceTree = "<group>";
		};
		48D9307A2DFB30EB002829DB /* Global */ = {
			isa = PBXGroup;
			children = (
				48E609B22DFEEEB5000BD965 /* Database */,
				48D9307B2DFB310B002829DB /* Components */,
			);
			path = Global;
			sourceTree = "<group>";
		};
		48D9307B2DFB310B002829DB /* Components */ = {
			isa = PBXGroup;
			children = (
				48D9307C2DFB3142002829DB /* MainHeaderView.swift */,
			);
			path = Components;
			sourceTree = "<group>";
		};
		48D9307E2DFB3501002829DB /* Model */ = {
			isa = PBXGroup;
			children = (
				48E609B52DFEEF3B000BD965 /* DbFirebase.swift */,
				48D930822DFB3537002829DB /* DateModel.swift */,
				48E609B72DFEF200000BD965 /* MomentsModel.swift */,
			);
			path = Model;
			sourceTree = "<group>";
		};
		48E609B22DFEEEB5000BD965 /* Database */ = {
			isa = PBXGroup;
			children = (
				48E609B32DFEEECB000BD965 /* Database.swift */,
			);
			path = Database;
			sourceTree = "<group>";
		};
		48E609BB2E01640E000BD965 /* Auth */ = {
			isa = PBXGroup;
			children = (
				48E609BD2E016479000BD965 /* SignUp.swift */,
				48E609BF2E016498000BD965 /* Login.swift */,
				48E609C12E0164FA000BD965 /* LoginView.swift */,
				48E609C32E01652C000BD965 /* SignUpView.swift */,
				48E609C52E0166BE000BD965 /* LoginViewController.swift */,
			);
			path = Auth;
			sourceTree = "<group>";
		};
		48E609C72E01DF9D000BD965 /* Model */ = {
			isa = PBXGroup;
			children = (
				48E609C82E01DFDE000BD965 /* CalendarModel.swift */,
			);
			path = Model;
			sourceTree = "<group>";
		};
		48E609CC2E023EE0000BD965 /* Model */ = {
			isa = PBXGroup;
			children = (
			);
			path = Model;
			sourceTree = "<group>";
		};
/* End PBXGroup section */

/* Begin PBXNativeTarget section */
		485B3C942DFABED100170177 /* FamilyApp */ = {
			isa = PBXNativeTarget;
			buildConfigurationList = 485B3CBF2DFABED200170177 /* Build configuration list for PBXNativeTarget "FamilyApp" */;
			buildPhases = (
				485B3C912DFABED100170177 /* Sources */,
				485B3C922DFABED100170177 /* Frameworks */,
				485B3C932DFABED100170177 /* Resources */,
			);
			buildRules = (
			);
			dependencies = (
			);
			name = FamilyApp;
			packageProductDependencies = (
				48D9305D2DFB11F9002829DB /* Then */,
				48D9306C2DFB1B0F002829DB /* SnapKit */,
				48E6099D2DFE86AF000BD965 /* FirebaseAnalytics */,
				48E6099F2DFE86AF000BD965 /* FirebaseAnalyticsOnDeviceConversion */,
				48E609A12DFE86AF000BD965 /* FirebaseAnalyticsSwift */,
				48E609A32DFE86AF000BD965 /* FirebaseAnalyticsWithoutAdIdSupport */,
				48E609A52DFE86AF000BD965 /* FirebaseAppCheck */,
				48E609A72DFE86AF000BD965 /* FirebaseAuth */,
				48E609A92DFE86AF000BD965 /* FirebaseDatabase */,
				48E609AB2DFE86AF000BD965 /* FirebaseFirestore */,
				48E609AD2DFE86AF000BD965 /* FirebaseStorage */,
			);
			productName = FamilyApp;
			productReference = 485B3C952DFABED100170177 /* FamilyApp.app */;
			productType = "com.apple.product-type.application";
		};
		485B3CAA2DFABED200170177 /* FamilyAppTests */ = {
			isa = PBXNativeTarget;
			buildConfigurationList = 485B3CC22DFABED200170177 /* Build configuration list for PBXNativeTarget "FamilyAppTests" */;
			buildPhases = (
				485B3CA72DFABED200170177 /* Sources */,
				485B3CA82DFABED200170177 /* Frameworks */,
				485B3CA92DFABED200170177 /* Resources */,
			);
			buildRules = (
			);
			dependencies = (
				485B3CAD2DFABED200170177 /* PBXTargetDependency */,
			);
			name = FamilyAppTests;
			productName = FamilyAppTests;
			productReference = 485B3CAB2DFABED200170177 /* FamilyAppTests.xctest */;
			productType = "com.apple.product-type.bundle.unit-test";
		};
		485B3CB42DFABED200170177 /* FamilyAppUITests */ = {
			isa = PBXNativeTarget;
			buildConfigurationList = 485B3CC52DFABED200170177 /* Build configuration list for PBXNativeTarget "FamilyAppUITests" */;
			buildPhases = (
				485B3CB12DFABED200170177 /* Sources */,
				485B3CB22DFABED200170177 /* Frameworks */,
				485B3CB32DFABED200170177 /* Resources */,
			);
			buildRules = (
			);
			dependencies = (
				485B3CB72DFABED200170177 /* PBXTargetDependency */,
			);
			name = FamilyAppUITests;
			productName = FamilyAppUITests;
			productReference = 485B3CB52DFABED200170177 /* FamilyAppUITests.xctest */;
			productType = "com.apple.product-type.bundle.ui-testing";
		};
/* End PBXNativeTarget section */

/* Begin PBXProject section */
		485B3C8D2DFABED100170177 /* Project object */ = {
			isa = PBXProject;
			attributes = {
				BuildIndependentTargetsInParallel = 1;
				LastSwiftUpdateCheck = 1430;
				LastUpgradeCheck = 1430;
				TargetAttributes = {
					485B3C942DFABED100170177 = {
						CreatedOnToolsVersion = 14.3;
					};
					485B3CAA2DFABED200170177 = {
						CreatedOnToolsVersion = 14.3;
						TestTargetID = 485B3C942DFABED100170177;
					};
					485B3CB42DFABED200170177 = {
						CreatedOnToolsVersion = 14.3;
						TestTargetID = 485B3C942DFABED100170177;
					};
				};
			};
			buildConfigurationList = 485B3C902DFABED100170177 /* Build configuration list for PBXProject "FamilyApp" */;
			compatibilityVersion = "Xcode 14.0";
			developmentRegion = en;
			hasScannedForEncodings = 0;
			knownRegions = (
				en,
				Base,
			);
			mainGroup = 485B3C8C2DFABED100170177;
			packageReferences = (
				48D9305C2DFB11F9002829DB /* XCRemoteSwiftPackageReference "Then" */,
				48D9306B2DFB1B0F002829DB /* XCRemoteSwiftPackageReference "SnapKit" */,
				48E6099C2DFE86AF000BD965 /* XCRemoteSwiftPackageReference "firebase-ios-sdk" */,
			);
			productRefGroup = 485B3C962DFABED100170177 /* Products */;
			projectDirPath = "";
			projectRoot = "";
			targets = (
				485B3C942DFABED100170177 /* FamilyApp */,
				485B3CAA2DFABED200170177 /* FamilyAppTests */,
				485B3CB42DFABED200170177 /* FamilyAppUITests */,
			);
		};
/* End PBXProject section */

/* Begin PBXResourcesBuildPhase section */
		485B3C932DFABED100170177 /* Resources */ = {
			isa = PBXResourcesBuildPhase;
			buildActionMask = 2147483647;
			files = (
				48D9306F2DFB1C12002829DB /* Main.storyboard in Resources */,
				48E609B12DFEE91D000BD965 /* GoogleService-Info.plist in Resources */,
				485B3CA52DFABED200170177 /* LaunchScreen.storyboard in Resources */,
				485B3CA22DFABED200170177 /* Assets.xcassets in Resources */,
			);
			runOnlyForDeploymentPostprocessing = 0;
		};
		485B3CA92DFABED200170177 /* Resources */ = {
			isa = PBXResourcesBuildPhase;
			buildActionMask = 2147483647;
			files = (
			);
			runOnlyForDeploymentPostprocessing = 0;
		};
		485B3CB32DFABED200170177 /* Resources */ = {
			isa = PBXResourcesBuildPhase;
			buildActionMask = 2147483647;
			files = (
			);
			runOnlyForDeploymentPostprocessing = 0;
		};
/* End PBXResourcesBuildPhase section */

/* Begin PBXSourcesBuildPhase section */
		485B3C912DFABED100170177 /* Sources */ = {
			isa = PBXSourcesBuildPhase;
			buildActionMask = 2147483647;
			files = (
				48D930692DFB17D1002829DB /* HomeViewController.swift in Sources */,
				48E609B42DFEEECB000BD965 /* Database.swift in Sources */,
				48E609B62DFEEF3B000BD965 /* DbFirebase.swift in Sources */,
				48E609C62E0166BE000BD965 /* LoginViewController.swift in Sources */,
				48E609BE2E016479000BD965 /* SignUp.swift in Sources */,
				48D930832DFB3537002829DB /* DateModel.swift in Sources */,
				48E609CB2E01E003000BD965 /* CalendarCellView.swift in Sources */,
				48E609B82DFEF200000BD965 /* MomentsModel.swift in Sources */,
				48D930672DFB17AE002829DB /* TabBarController.swift in Sources */,
				485B3C992DFABED100170177 /* AppDelegate.swift in Sources */,
				48D930742DFB2663002829DB /* MomentsViewController.swift in Sources */,
				48E609C22E0164FA000BD965 /* LoginView.swift in Sources */,
				48E609B02DFEE75D000BD965 /* MomentPostViewController.swift in Sources */,
				485B3C9B2DFABED100170177 /* SceneDelegate.swift in Sources */,
				48D930852DFB3586002829DB /* DateCellView.swift in Sources */,
				48E609C92E01DFDE000BD965 /* CalendarModel.swift in Sources */,
				48D930792DFB26C6002829DB /* EventsViewController.swift in Sources */,
				48D9307D2DFB3142002829DB /* MainHeaderView.swift in Sources */,
				48E609C42E01652C000BD965 /* SignUpView.swift in Sources */,
				48E609C02E016499000BD965 /* Login.swift in Sources */,
			);
			runOnlyForDeploymentPostprocessing = 0;
		};
		485B3CA72DFABED200170177 /* Sources */ = {
			isa = PBXSourcesBuildPhase;
			buildActionMask = 2147483647;
			files = (
				485B3CB02DFABED200170177 /* FamilyAppTests.swift in Sources */,
			);
			runOnlyForDeploymentPostprocessing = 0;
		};
		485B3CB12DFABED200170177 /* Sources */ = {
			isa = PBXSourcesBuildPhase;
			buildActionMask = 2147483647;
			files = (
				485B3CBC2DFABED200170177 /* FamilyAppUITestsLaunchTests.swift in Sources */,
				485B3CBA2DFABED200170177 /* FamilyAppUITests.swift in Sources */,
			);
			runOnlyForDeploymentPostprocessing = 0;
		};
/* End PBXSourcesBuildPhase section */

/* Begin PBXTargetDependency section */
		485B3CAD2DFABED200170177 /* PBXTargetDependency */ = {
			isa = PBXTargetDependency;
			target = 485B3C942DFABED100170177 /* FamilyApp */;
			targetProxy = 485B3CAC2DFABED200170177 /* PBXContainerItemProxy */;
		};
		485B3CB72DFABED200170177 /* PBXTargetDependency */ = {
			isa = PBXTargetDependency;
			target = 485B3C942DFABED100170177 /* FamilyApp */;
			targetProxy = 485B3CB62DFABED200170177 /* PBXContainerItemProxy */;
		};
/* End PBXTargetDependency section */

/* Begin PBXVariantGroup section */
		485B3CA32DFABED200170177 /* LaunchScreen.storyboard */ = {
			isa = PBXVariantGroup;
			children = (
				485B3CA42DFABED200170177 /* Base */,
			);
			name = LaunchScreen.storyboard;
			sourceTree = "<group>";
		};
/* End PBXVariantGroup section */

/* Begin XCBuildConfiguration section */
		485B3CBD2DFABED200170177 /* Debug */ = {
			isa = XCBuildConfiguration;
			buildSettings = {
				ALWAYS_SEARCH_USER_PATHS = NO;
				CLANG_ANALYZER_NONNULL = YES;
				CLANG_ANALYZER_NUMBER_OBJECT_CONVERSION = YES_AGGRESSIVE;
				CLANG_CXX_LANGUAGE_STANDARD = "gnu++20";
				CLANG_ENABLE_MODULES = YES;
				CLANG_ENABLE_OBJC_ARC = YES;
				CLANG_ENABLE_OBJC_WEAK = YES;
				CLANG_WARN_BLOCK_CAPTURE_AUTORELEASING = YES;
				CLANG_WARN_BOOL_CONVERSION = YES;
				CLANG_WARN_COMMA = YES;
				CLANG_WARN_CONSTANT_CONVERSION = YES;
				CLANG_WARN_DEPRECATED_OBJC_IMPLEMENTATIONS = YES;
				CLANG_WARN_DIRECT_OBJC_ISA_USAGE = YES_ERROR;
				CLANG_WARN_DOCUMENTATION_COMMENTS = YES;
				CLANG_WARN_EMPTY_BODY = YES;
				CLANG_WARN_ENUM_CONVERSION = YES;
				CLANG_WARN_INFINITE_RECURSION = YES;
				CLANG_WARN_INT_CONVERSION = YES;
				CLANG_WARN_NON_LITERAL_NULL_CONVERSION = YES;
				CLANG_WARN_OBJC_IMPLICIT_RETAIN_SELF = YES;
				CLANG_WARN_OBJC_LITERAL_CONVERSION = YES;
				CLANG_WARN_OBJC_ROOT_CLASS = YES_ERROR;
				CLANG_WARN_QUOTED_INCLUDE_IN_FRAMEWORK_HEADER = YES;
				CLANG_WARN_RANGE_LOOP_ANALYSIS = YES;
				CLANG_WARN_STRICT_PROTOTYPES = YES;
				CLANG_WARN_SUSPICIOUS_MOVE = YES;
				CLANG_WARN_UNGUARDED_AVAILABILITY = YES_AGGRESSIVE;
				CLANG_WARN_UNREACHABLE_CODE = YES;
				CLANG_WARN__DUPLICATE_METHOD_MATCH = YES;
				COPY_PHASE_STRIP = NO;
				DEBUG_INFORMATION_FORMAT = dwarf;
				ENABLE_STRICT_OBJC_MSGSEND = YES;
				ENABLE_TESTABILITY = YES;
				GCC_C_LANGUAGE_STANDARD = gnu11;
				GCC_DYNAMIC_NO_PIC = NO;
				GCC_NO_COMMON_BLOCKS = YES;
				GCC_OPTIMIZATION_LEVEL = 0;
				GCC_PREPROCESSOR_DEFINITIONS = (
					"DEBUG=1",
					"$(inherited)",
				);
				GCC_WARN_64_TO_32_BIT_CONVERSION = YES;
				GCC_WARN_ABOUT_RETURN_TYPE = YES_ERROR;
				GCC_WARN_UNDECLARED_SELECTOR = YES;
				GCC_WARN_UNINITIALIZED_AUTOS = YES_AGGRESSIVE;
				GCC_WARN_UNUSED_FUNCTION = YES;
				GCC_WARN_UNUSED_VARIABLE = YES;
				IPHONEOS_DEPLOYMENT_TARGET = 16.4;
				MTL_ENABLE_DEBUG_INFO = INCLUDE_SOURCE;
				MTL_FAST_MATH = YES;
				ONLY_ACTIVE_ARCH = YES;
				SDKROOT = iphoneos;
				SWIFT_ACTIVE_COMPILATION_CONDITIONS = DEBUG;
				SWIFT_OPTIMIZATION_LEVEL = "-Onone";
			};
			name = Debug;
		};
		485B3CBE2DFABED200170177 /* Release */ = {
			isa = XCBuildConfiguration;
			buildSettings = {
				ALWAYS_SEARCH_USER_PATHS = NO;
				CLANG_ANALYZER_NONNULL = YES;
				CLANG_ANALYZER_NUMBER_OBJECT_CONVERSION = YES_AGGRESSIVE;
				CLANG_CXX_LANGUAGE_STANDARD = "gnu++20";
				CLANG_ENABLE_MODULES = YES;
				CLANG_ENABLE_OBJC_ARC = YES;
				CLANG_ENABLE_OBJC_WEAK = YES;
				CLANG_WARN_BLOCK_CAPTURE_AUTORELEASING = YES;
				CLANG_WARN_BOOL_CONVERSION = YES;
				CLANG_WARN_COMMA = YES;
				CLANG_WARN_CONSTANT_CONVERSION = YES;
				CLANG_WARN_DEPRECATED_OBJC_IMPLEMENTATIONS = YES;
				CLANG_WARN_DIRECT_OBJC_ISA_USAGE = YES_ERROR;
				CLANG_WARN_DOCUMENTATION_COMMENTS = YES;
				CLANG_WARN_EMPTY_BODY = YES;
				CLANG_WARN_ENUM_CONVERSION = YES;
				CLANG_WARN_INFINITE_RECURSION = YES;
				CLANG_WARN_INT_CONVERSION = YES;
				CLANG_WARN_NON_LITERAL_NULL_CONVERSION = YES;
				CLANG_WARN_OBJC_IMPLICIT_RETAIN_SELF = YES;
				CLANG_WARN_OBJC_LITERAL_CONVERSION = YES;
				CLANG_WARN_OBJC_ROOT_CLASS = YES_ERROR;
				CLANG_WARN_QUOTED_INCLUDE_IN_FRAMEWORK_HEADER = YES;
				CLANG_WARN_RANGE_LOOP_ANALYSIS = YES;
				CLANG_WARN_STRICT_PROTOTYPES = YES;
				CLANG_WARN_SUSPICIOUS_MOVE = YES;
				CLANG_WARN_UNGUARDED_AVAILABILITY = YES_AGGRESSIVE;
				CLANG_WARN_UNREACHABLE_CODE = YES;
				CLANG_WARN__DUPLICATE_METHOD_MATCH = YES;
				COPY_PHASE_STRIP = NO;
				DEBUG_INFORMATION_FORMAT = "dwarf-with-dsym";
				ENABLE_NS_ASSERTIONS = NO;
				ENABLE_STRICT_OBJC_MSGSEND = YES;
				GCC_C_LANGUAGE_STANDARD = gnu11;
				GCC_NO_COMMON_BLOCKS = YES;
				GCC_WARN_64_TO_32_BIT_CONVERSION = YES;
				GCC_WARN_ABOUT_RETURN_TYPE = YES_ERROR;
				GCC_WARN_UNDECLARED_SELECTOR = YES;
				GCC_WARN_UNINITIALIZED_AUTOS = YES_AGGRESSIVE;
				GCC_WARN_UNUSED_FUNCTION = YES;
				GCC_WARN_UNUSED_VARIABLE = YES;
				IPHONEOS_DEPLOYMENT_TARGET = 16.4;
				MTL_ENABLE_DEBUG_INFO = NO;
				MTL_FAST_MATH = YES;
				SDKROOT = iphoneos;
				SWIFT_COMPILATION_MODE = wholemodule;
				SWIFT_OPTIMIZATION_LEVEL = "-O";
				VALIDATE_PRODUCT = YES;
			};
			name = Release;
		};
		485B3CC02DFABED200170177 /* Debug */ = {
			isa = XCBuildConfiguration;
			buildSettings = {
				ASSETCATALOG_COMPILER_APPICON_NAME = AppIcon;
				ASSETCATALOG_COMPILER_GLOBAL_ACCENT_COLOR_NAME = AccentColor;
				CODE_SIGN_STYLE = Automatic;
				CURRENT_PROJECT_VERSION = 1;
				GENERATE_INFOPLIST_FILE = YES;
				INFOPLIST_FILE = FamilyApp/Application/Info.plist;
				INFOPLIST_KEY_UIApplicationSupportsIndirectInputEvents = YES;
				INFOPLIST_KEY_UILaunchStoryboardName = LaunchScreen;
				INFOPLIST_KEY_UIMainStoryboardFile = Main;
				INFOPLIST_KEY_UISupportedInterfaceOrientations_iPad = "UIInterfaceOrientationPortrait UIInterfaceOrientationPortraitUpsideDown UIInterfaceOrientationLandscapeLeft UIInterfaceOrientationLandscapeRight";
				INFOPLIST_KEY_UISupportedInterfaceOrientations_iPhone = "UIInterfaceOrientationPortrait UIInterfaceOrientationLandscapeLeft UIInterfaceOrientationLandscapeRight";
				LD_RUNPATH_SEARCH_PATHS = (
					"$(inherited)",
					"@executable_path/Frameworks",
				);
				MARKETING_VERSION = 1.0;
				PRODUCT_BUNDLE_IDENTIFIER = ybe1027.hansung.ac.kr.FamilyApp;
				PRODUCT_NAME = "$(TARGET_NAME)";
				SWIFT_EMIT_LOC_STRINGS = YES;
				SWIFT_VERSION = 5.0;
				TARGETED_DEVICE_FAMILY = "1,2";
			};
			name = Debug;
		};
		485B3CC12DFABED200170177 /* Release */ = {
			isa = XCBuildConfiguration;
			buildSettings = {
				ASSETCATALOG_COMPILER_APPICON_NAME = AppIcon;
				ASSETCATALOG_COMPILER_GLOBAL_ACCENT_COLOR_NAME = AccentColor;
				CODE_SIGN_STYLE = Automatic;
				CURRENT_PROJECT_VERSION = 1;
				GENERATE_INFOPLIST_FILE = YES;
				INFOPLIST_FILE = FamilyApp/Application/Info.plist;
				INFOPLIST_KEY_UIApplicationSupportsIndirectInputEvents = YES;
				INFOPLIST_KEY_UILaunchStoryboardName = LaunchScreen;
				INFOPLIST_KEY_UIMainStoryboardFile = Main;
				INFOPLIST_KEY_UISupportedInterfaceOrientations_iPad = "UIInterfaceOrientationPortrait UIInterfaceOrientationPortraitUpsideDown UIInterfaceOrientationLandscapeLeft UIInterfaceOrientationLandscapeRight";
				INFOPLIST_KEY_UISupportedInterfaceOrientations_iPhone = "UIInterfaceOrientationPortrait UIInterfaceOrientationLandscapeLeft UIInterfaceOrientationLandscapeRight";
				LD_RUNPATH_SEARCH_PATHS = (
					"$(inherited)",
					"@executable_path/Frameworks",
				);
				MARKETING_VERSION = 1.0;
				PRODUCT_BUNDLE_IDENTIFIER = ybe1027.hansung.ac.kr.FamilyApp;
				PRODUCT_NAME = "$(TARGET_NAME)";
				SWIFT_EMIT_LOC_STRINGS = YES;
				SWIFT_VERSION = 5.0;
				TARGETED_DEVICE_FAMILY = "1,2";
			};
			name = Release;
		};
		485B3CC32DFABED200170177 /* Debug */ = {
			isa = XCBuildConfiguration;
			buildSettings = {
				ALWAYS_EMBED_SWIFT_STANDARD_LIBRARIES = YES;
				BUNDLE_LOADER = "$(TEST_HOST)";
				CODE_SIGN_STYLE = Automatic;
				CURRENT_PROJECT_VERSION = 1;
				GENERATE_INFOPLIST_FILE = YES;
				IPHONEOS_DEPLOYMENT_TARGET = 16.4;
				MARKETING_VERSION = 1.0;
				PRODUCT_BUNDLE_IDENTIFIER = ybe1027.hansung.ac.kr.FamilyAppTests;
				PRODUCT_NAME = "$(TARGET_NAME)";
				SWIFT_EMIT_LOC_STRINGS = NO;
				SWIFT_VERSION = 5.0;
				TARGETED_DEVICE_FAMILY = "1,2";
				TEST_HOST = "$(BUILT_PRODUCTS_DIR)/FamilyApp.app/$(BUNDLE_EXECUTABLE_FOLDER_PATH)/FamilyApp";
			};
			name = Debug;
		};
		485B3CC42DFABED200170177 /* Release */ = {
			isa = XCBuildConfiguration;
			buildSettings = {
				ALWAYS_EMBED_SWIFT_STANDARD_LIBRARIES = YES;
				BUNDLE_LOADER = "$(TEST_HOST)";
				CODE_SIGN_STYLE = Automatic;
				CURRENT_PROJECT_VERSION = 1;
				GENERATE_INFOPLIST_FILE = YES;
				IPHONEOS_DEPLOYMENT_TARGET = 16.4;
				MARKETING_VERSION = 1.0;
				PRODUCT_BUNDLE_IDENTIFIER = ybe1027.hansung.ac.kr.FamilyAppTests;
				PRODUCT_NAME = "$(TARGET_NAME)";
				SWIFT_EMIT_LOC_STRINGS = NO;
				SWIFT_VERSION = 5.0;
				TARGETED_DEVICE_FAMILY = "1,2";
				TEST_HOST = "$(BUILT_PRODUCTS_DIR)/FamilyApp.app/$(BUNDLE_EXECUTABLE_FOLDER_PATH)/FamilyApp";
			};
			name = Release;
		};
		485B3CC62DFABED200170177 /* Debug */ = {
			isa = XCBuildConfiguration;
			buildSettings = {
				ALWAYS_EMBED_SWIFT_STANDARD_LIBRARIES = YES;
				CODE_SIGN_STYLE = Automatic;
				CURRENT_PROJECT_VERSION = 1;
				GENERATE_INFOPLIST_FILE = YES;
				MARKETING_VERSION = 1.0;
				PRODUCT_BUNDLE_IDENTIFIER = ybe1027.hansung.ac.kr.FamilyAppUITests;
				PRODUCT_NAME = "$(TARGET_NAME)";
				SWIFT_EMIT_LOC_STRINGS = NO;
				SWIFT_VERSION = 5.0;
				TARGETED_DEVICE_FAMILY = "1,2";
				TEST_TARGET_NAME = FamilyApp;
			};
			name = Debug;
		};
		485B3CC72DFABED200170177 /* Release */ = {
			isa = XCBuildConfiguration;
			buildSettings = {
				ALWAYS_EMBED_SWIFT_STANDARD_LIBRARIES = YES;
				CODE_SIGN_STYLE = Automatic;
				CURRENT_PROJECT_VERSION = 1;
				GENERATE_INFOPLIST_FILE = YES;
				MARKETING_VERSION = 1.0;
				PRODUCT_BUNDLE_IDENTIFIER = ybe1027.hansung.ac.kr.FamilyAppUITests;
				PRODUCT_NAME = "$(TARGET_NAME)";
				SWIFT_EMIT_LOC_STRINGS = NO;
				SWIFT_VERSION = 5.0;
				TARGETED_DEVICE_FAMILY = "1,2";
				TEST_TARGET_NAME = FamilyApp;
			};
			name = Release;
		};
/* End XCBuildConfiguration section */

/* Begin XCConfigurationList section */
		485B3C902DFABED100170177 /* Build configuration list for PBXProject "FamilyApp" */ = {
			isa = XCConfigurationList;
			buildConfigurations = (
				485B3CBD2DFABED200170177 /* Debug */,
				485B3CBE2DFABED200170177 /* Release */,
			);
			defaultConfigurationIsVisible = 0;
			defaultConfigurationName = Release;
		};
		485B3CBF2DFABED200170177 /* Build configuration list for PBXNativeTarget "FamilyApp" */ = {
			isa = XCConfigurationList;
			buildConfigurations = (
				485B3CC02DFABED200170177 /* Debug */,
				485B3CC12DFABED200170177 /* Release */,
			);
			defaultConfigurationIsVisible = 0;
			defaultConfigurationName = Release;
		};
		485B3CC22DFABED200170177 /* Build configuration list for PBXNativeTarget "FamilyAppTests" */ = {
			isa = XCConfigurationList;
			buildConfigurations = (
				485B3CC32DFABED200170177 /* Debug */,
				485B3CC42DFABED200170177 /* Release */,
			);
			defaultConfigurationIsVisible = 0;
			defaultConfigurationName = Release;
		};
		485B3CC52DFABED200170177 /* Build configuration list for PBXNativeTarget "FamilyAppUITests" */ = {
			isa = XCConfigurationList;
			buildConfigurations = (
				485B3CC62DFABED200170177 /* Debug */,
				485B3CC72DFABED200170177 /* Release */,
			);
			defaultConfigurationIsVisible = 0;
			defaultConfigurationName = Release;
		};
/* End XCConfigurationList section */

/* Begin XCRemoteSwiftPackageReference section */
		48D9305C2DFB11F9002829DB /* XCRemoteSwiftPackageReference "Then" */ = {
			isa = XCRemoteSwiftPackageReference;
			repositoryURL = "https://github.com/devxoul/Then";
			requirement = {
				kind = upToNextMajorVersion;
				minimumVersion = 3.0.0;
			};
		};
		48D9306B2DFB1B0F002829DB /* XCRemoteSwiftPackageReference "SnapKit" */ = {
			isa = XCRemoteSwiftPackageReference;
			repositoryURL = "https://github.com/SnapKit/SnapKit";
			requirement = {
				kind = upToNextMajorVersion;
				minimumVersion = 5.0.0;
			};
		};
		48E6099C2DFE86AF000BD965 /* XCRemoteSwiftPackageReference "firebase-ios-sdk" */ = {
			isa = XCRemoteSwiftPackageReference;
			repositoryURL = "https://github.com/firebase/firebase-ios-sdk";
			requirement = {
				kind = upToNextMajorVersion;
				minimumVersion = 10.20.0;
			};
		};
/* End XCRemoteSwiftPackageReference section */

/* Begin XCSwiftPackageProductDependency section */
		48D9305D2DFB11F9002829DB /* Then */ = {
			isa = XCSwiftPackageProductDependency;
			package = 48D9305C2DFB11F9002829DB /* XCRemoteSwiftPackageReference "Then" */;
			productName = Then;
		};
		48D9306C2DFB1B0F002829DB /* SnapKit */ = {
			isa = XCSwiftPackageProductDependency;
			package = 48D9306B2DFB1B0F002829DB /* XCRemoteSwiftPackageReference "SnapKit" */;
			productName = SnapKit;
		};
		48E6099D2DFE86AF000BD965 /* FirebaseAnalytics */ = {
			isa = XCSwiftPackageProductDependency;
			package = 48E6099C2DFE86AF000BD965 /* XCRemoteSwiftPackageReference "firebase-ios-sdk" */;
			productName = FirebaseAnalytics;
		};
		48E6099F2DFE86AF000BD965 /* FirebaseAnalyticsOnDeviceConversion */ = {
			isa = XCSwiftPackageProductDependency;
			package = 48E6099C2DFE86AF000BD965 /* XCRemoteSwiftPackageReference "firebase-ios-sdk" */;
			productName = FirebaseAnalyticsOnDeviceConversion;
		};
		48E609A12DFE86AF000BD965 /* FirebaseAnalyticsSwift */ = {
			isa = XCSwiftPackageProductDependency;
			package = 48E6099C2DFE86AF000BD965 /* XCRemoteSwiftPackageReference "firebase-ios-sdk" */;
			productName = FirebaseAnalyticsSwift;
		};
		48E609A32DFE86AF000BD965 /* FirebaseAnalyticsWithoutAdIdSupport */ = {
			isa = XCSwiftPackageProductDependency;
			package = 48E6099C2DFE86AF000BD965 /* XCRemoteSwiftPackageReference "firebase-ios-sdk" */;
			productName = FirebaseAnalyticsWithoutAdIdSupport;
		};
		48E609A52DFE86AF000BD965 /* FirebaseAppCheck */ = {
			isa = XCSwiftPackageProductDependency;
			package = 48E6099C2DFE86AF000BD965 /* XCRemoteSwiftPackageReference "firebase-ios-sdk" */;
			productName = FirebaseAppCheck;
		};
		48E609A72DFE86AF000BD965 /* FirebaseAuth */ = {
			isa = XCSwiftPackageProductDependency;
			package = 48E6099C2DFE86AF000BD965 /* XCRemoteSwiftPackageReference "firebase-ios-sdk" */;
			productName = FirebaseAuth;
		};
		48E609A92DFE86AF000BD965 /* FirebaseDatabase */ = {
			isa = XCSwiftPackageProductDependency;
			package = 48E6099C2DFE86AF000BD965 /* XCRemoteSwiftPackageReference "firebase-ios-sdk" */;
			productName = FirebaseDatabase;
		};
		48E609AB2DFE86AF000BD965 /* FirebaseFirestore */ = {
			isa = XCSwiftPackageProductDependency;
			package = 48E6099C2DFE86AF000BD965 /* XCRemoteSwiftPackageReference "firebase-ios-sdk" */;
			productName = FirebaseFirestore;
		};
		48E609AD2DFE86AF000BD965 /* FirebaseStorage */ = {
			isa = XCSwiftPackageProductDependency;
			package = 48E6099C2DFE86AF000BD965 /* XCRemoteSwiftPackageReference "firebase-ios-sdk" */;
			productName = FirebaseStorage;
		};
/* End XCSwiftPackageProductDependency section */
	};
	rootObject = 485B3C8D2DFABED100170177 /* Project object */;
}
